// !$*UTF8*$!
{
	archiveVersion = 1;
	classes = {
	};
	objectVersion = 50;
	objects = {

/* Begin PBXBuildFile section */
		D265BB5D23FD8B3A00204C97 /* AppDelegate.swift in Sources */ = {isa = PBXBuildFile; fileRef = D265BB5C23FD8B3A00204C97 /* AppDelegate.swift */; };
		D265BB5F23FD8B3A00204C97 /* SceneDelegate.swift in Sources */ = {isa = PBXBuildFile; fileRef = D265BB5E23FD8B3A00204C97 /* SceneDelegate.swift */; };
		D265BB6123FD8B3A00204C97 /* ContentView.swift in Sources */ = {isa = PBXBuildFile; fileRef = D265BB6023FD8B3A00204C97 /* ContentView.swift */; };
		D265BB6323FD8B3D00204C97 /* Assets.xcassets in Resources */ = {isa = PBXBuildFile; fileRef = D265BB6223FD8B3D00204C97 /* Assets.xcassets */; };
		D265BB6623FD8B3D00204C97 /* Preview Assets.xcassets in Resources */ = {isa = PBXBuildFile; fileRef = D265BB6523FD8B3D00204C97 /* Preview Assets.xcassets */; };
		D265BB6923FD8B3D00204C97 /* LaunchScreen.storyboard in Resources */ = {isa = PBXBuildFile; fileRef = D265BB6723FD8B3D00204C97 /* LaunchScreen.storyboard */; };
		D265BB7223FD8B8800204C97 /* HelloWorld.framework in Frameworks */ = {isa = PBXBuildFile; fileRef = D265BB7023FD8B6600204C97 /* HelloWorld.framework */; };
		D265BB7323FD8B8800204C97 /* HelloWorld.framework in Embed Frameworks */ = {isa = PBXBuildFile; fileRef = D265BB7023FD8B6600204C97 /* HelloWorld.framework */; settings = {ATTRIBUTES = (CodeSignOnCopy, RemoveHeadersOnCopy, ); }; };
/* End PBXBuildFile section */

/* Begin PBXCopyFilesBuildPhase section */
		D265BB7423FD8B8800204C97 /* Embed Frameworks */ = {
			isa = PBXCopyFilesBuildPhase;
			buildActionMask = 2147483647;
			dstPath = "";
			dstSubfolderSpec = 10;
			files = (
				D265BB7323FD8B8800204C97 /* HelloWorld.framework in Embed Frameworks */,
			);
			name = "Embed Frameworks";
			runOnlyForDeploymentPostprocessing = 0;
		};
/* End PBXCopyFilesBuildPhase section */

/* Begin PBXFileReference section */
		D265BB5923FD8B3A00204C97 /* AccessFrameworkProject.app */ = {isa = PBXFileReference; explicitFileType = wrapper.application; includeInIndex = 0; path = AccessFrameworkProject.app; sourceTree = BUILT_PRODUCTS_DIR; };
		D265BB5C23FD8B3A00204C97 /* AppDelegate.swift */ = {isa = PBXFileReference; lastKnownFileType = sourcecode.swift; path = AppDelegate.swift; sourceTree = "<group>"; };
		D265BB5E23FD8B3A00204C97 /* SceneDelegate.swift */ = {isa = PBXFileReference; lastKnownFileType = sourcecode.swift; path = SceneDelegate.swift; sourceTree = "<group>"; };
		D265BB6023FD8B3A00204C97 /* ContentView.swift */ = {isa = PBXFileReference; lastKnownFileType = sourcecode.swift; path = ContentView.swift; sourceTree = "<group>"; };
		D265BB6223FD8B3D00204C97 /* Assets.xcassets */ = {isa = PBXFileReference; lastKnownFileType = folder.assetcatalog; path = Assets.xcassets; sourceTree = "<group>"; };
		D265BB6523FD8B3D00204C97 /* Preview Assets.xcassets */ = {isa = PBXFileReference; lastKnownFileType = folder.assetcatalog; path = "Preview Assets.xcassets"; sourceTree = "<group>"; };
		D265BB6823FD8B3D00204C97 /* Base */ = {isa = PBXFileReference; lastKnownFileType = file.storyboard; name = Base; path = Base.lproj/LaunchScreen.storyboard; sourceTree = "<group>"; };
		D265BB6A23FD8B3D00204C97 /* Info.plist */ = {isa = PBXFileReference; lastKnownFileType = text.plist.xml; path = Info.plist; sourceTree = "<group>"; };
		D265BB7023FD8B6600204C97 /* HelloWorld.framework */ = {isa = PBXFileReference; lastKnownFileType = wrapper.framework; path = HelloWorld.framework; sourceTree = "<group>"; };
/* End PBXFileReference section */

/* Begin PBXFrameworksBuildPhase section */
		D265BB5623FD8B3A00204C97 /* Frameworks */ = {
			isa = PBXFrameworksBuildPhase;
			buildActionMask = 2147483647;
			files = (
				D265BB7223FD8B8800204C97 /* HelloWorld.framework in Frameworks */,
			);
			runOnlyForDeploymentPostprocessing = 0;
		};
/* End PBXFrameworksBuildPhase section */

/* Begin PBXGroup section */
		D265BB5023FD8B3A00204C97 = {
			isa = PBXGroup;
			children = (
				D265BB7023FD8B6600204C97 /* HelloWorld.framework */,
				D265BB5B23FD8B3A00204C97 /* AccessFrameworkProject */,
				D265BB5A23FD8B3A00204C97 /* Products */,
			);
			sourceTree = "<group>";
		};
		D265BB5A23FD8B3A00204C97 /* Products */ = {
			isa = PBXGroup;
			children = (
				D265BB5923FD8B3A00204C97 /* AccessFrameworkProject.app */,
			);
			name = Products;
			sourceTree = "<group>";
		};
		D265BB5B23FD8B3A00204C97 /* AccessFrameworkProject */ = {
			isa = PBXGroup;
			children = (
				D265BB5C23FD8B3A00204C97 /* AppDelegate.swift */,
				D265BB5E23FD8B3A00204C97 /* SceneDelegate.swift */,
				D265BB6023FD8B3A00204C97 /* ContentView.swift */,
				D265BB6223FD8B3D00204C97 /* Assets.xcassets */,
				D265BB6723FD8B3D00204C97 /* LaunchScreen.storyboard */,
				D265BB6A23FD8B3D00204C97 /* Info.plist */,
				D265BB6423FD8B3D00204C97 /* Preview Content */,
			);
			path = AccessFrameworkProject;
			sourceTree = "<group>";
		};
		D265BB6423FD8B3D00204C97 /* Preview Content */ = {
			isa = PBXGroup;
			children = (
				D265BB6523FD8B3D00204C97 /* Preview Assets.xcassets */,
			);
			path = "Preview Content";
			sourceTree = "<group>";
		};
/* End PBXGroup section */

/* Begin PBXNativeTarget section */
		D265BB5823FD8B3A00204C97 /* AccessFrameworkProject */ = {
			isa = PBXNativeTarget;
			buildConfigurationList = D265BB6D23FD8B3D00204C97 /* Build configuration list for PBXNativeTarget "AccessFrameworkProject" */;
			buildPhases = (
				D265BB5523FD8B3A00204C97 /* Sources */,
				D265BB5623FD8B3A00204C97 /* Frameworks */,
				D265BB5723FD8B3A00204C97 /* Resources */,
				D265BB7423FD8B8800204C97 /* Embed Frameworks */,
			);
			buildRules = (
			);
			dependencies = (
			);
			name = AccessFrameworkProject;
			productName = AccessFrameworkProject;
			productReference = D265BB5923FD8B3A00204C97 /* AccessFrameworkProject.app */;
			productType = "com.apple.product-type.application";
		};
/* End PBXNativeTarget section */

/* Begin PBXProject section */
		D265BB5123FD8B3A00204C97 /* Project object */ = {
			isa = PBXProject;
			attributes = {
				LastSwiftUpdateCheck = 1130;
				LastUpgradeCheck = 1130;
				ORGANIZATIONNAME = "Rafael Goldstein";
				TargetAttributes = {
					D265BB5823FD8B3A00204C97 = {
						CreatedOnToolsVersion = 11.3.1;
					};
				};
			};
			buildConfigurationList = D265BB5423FD8B3A00204C97 /* Build configuration list for PBXProject "AccessFrameworkProject" */;
			compatibilityVersion = "Xcode 9.3";
			developmentRegion = en;
			hasScannedForEncodings = 0;
			knownRegions = (
				en,
				Base,
			);
			mainGroup = D265BB5023FD8B3A00204C97;
			productRefGroup = D265BB5A23FD8B3A00204C97 /* Products */;
			projectDirPath = "";
			projectRoot = "";
			targets = (
				D265BB5823FD8B3A00204C97 /* AccessFrameworkProject */,
			);
		};
/* End PBXProject section */

/* Begin PBXResourcesBuildPhase section */
		D265BB5723FD8B3A00204C97 /* Resources */ = {
			isa = PBXResourcesBuildPhase;
			buildActionMask = 2147483647;
			files = (
				D265BB6923FD8B3D00204C97 /* LaunchScreen.storyboard in Resources */,
				D265BB6623FD8B3D00204C97 /* Preview Assets.xcassets in Resources */,
				D265BB6323FD8B3D00204C97 /* Assets.xcassets in Resources */,
			);
			runOnlyForDeploymentPostprocessing = 0;
		};
/* End PBXResourcesBuildPhase section */

/* Begin PBXSourcesBuildPhase section */
		D265BB5523FD8B3A00204C97 /* Sources */ = {
			isa = PBXSourcesBuildPhase;
			buildActionMask = 2147483647;
			files = (
				D265BB5D23FD8B3A00204C97 /* AppDelegate.swift in Sources */,
				D265BB5F23FD8B3A00204C97 /* SceneDelegate.swift in Sources */,
				D265BB6123FD8B3A00204C97 /* ContentView.swift in Sources */,
			);
			runOnlyForDeploymentPostprocessing = 0;
		};
/* End PBXSourcesBuildPhase section */

/* Begin PBXVariantGroup section */
		D265BB6723FD8B3D00204C97 /* LaunchScreen.storyboard */ = {
			isa = PBXVariantGroup;
			children = (
				D265BB6823FD8B3D00204C97 /* Base */,
			);
			name = LaunchScreen.storyboard;
			sourceTree = "<group>";
		};
/* End PBXVariantGroup section */

/* Begin XCBuildConfiguration section */
		D265BB6B23FD8B3D00204C97 /* Debug */ = {
			isa = XCBuildConfiguration;
			buildSettings = {
				ALWAYS_SEARCH_USER_PATHS = NO;
				CLANG_ANALYZER_NONNULL = YES;
				CLANG_ANALYZER_NUMBER_OBJECT_CONVERSION = YES_AGGRESSIVE;
				CLANG_CXX_LANGUAGE_STANDARD = "gnu++14";
				CLANG_CXX_LIBRARY = "libc++";
				CLANG_ENABLE_MODULES = YES;
				CLANG_ENABLE_OBJC_ARC = YES;
				CLANG_ENABLE_OBJC_WEAK = YES;
				CLANG_WARN_BLOCK_CAPTURE_AUTORELEASING = YES;
				CLANG_WARN_BOOL_CONVERSION = YES;
				CLANG_WARN_COMMA = YES;
				CLANG_WARN_CONSTANT_CONVERSION = YES;
				CLANG_WARN_DEPRECATED_OBJC_IMPLEMENTATIONS = YES;
				CLANG_WARN_DIRECT_OBJC_ISA_USAGE = YES_ERROR;
				CLANG_WARN_DOCUMENTATION_COMMENTS = YES;
				CLANG_WARN_EMPTY_BODY = YES;
				CLANG_WARN_ENUM_CONVERSION = YES;
				CLANG_WARN_INFINITE_RECURSION = YES;
				CLANG_WARN_INT_CONVERSION = YES;
				CLANG_WARN_NON_LITERAL_NULL_CONVERSION = YES;
				CLANG_WARN_OBJC_IMPLICIT_RETAIN_SELF = YES;
				CLANG_WARN_OBJC_LITERAL_CONVERSION = YES;
				CLANG_WARN_OBJC_ROOT_CLASS = YES_ERROR;
				CLANG_WARN_RANGE_LOOP_ANALYSIS = YES;
				CLANG_WARN_STRICT_PROTOTYPES = YES;
				CLANG_WARN_SUSPICIOUS_MOVE = YES;
				CLANG_WARN_UNGUARDED_AVAILABILITY = YES_AGGRESSIVE;
				CLANG_WARN_UNREACHABLE_CODE = YES;
				CLANG_WARN__DUPLICATE_METHOD_MATCH = YES;
				COPY_PHASE_STRIP = NO;
				DEBUG_INFORMATION_FORMAT = dwarf;
				ENABLE_STRICT_OBJC_MSGSEND = YES;
				ENABLE_TESTABILITY = YES;
				GCC_C_LANGUAGE_STANDARD = gnu11;
				GCC_DYNAMIC_NO_PIC = NO;
				GCC_NO_COMMON_BLOCKS = YES;
				GCC_OPTIMIZATION_LEVEL = 0;
				GCC_PREPROCESSOR_DEFINITIONS = (
					"DEBUG=1",
					"$(inherited)",
				);
				GCC_WARN_64_TO_32_BIT_CONVERSION = YES;
				GCC_WARN_ABOUT_RETURN_TYPE = YES_ERROR;
				GCC_WARN_UNDECLARED_SELECTOR = YES;
				GCC_WARN_UNINITIALIZED_AUTOS = YES_AGGRESSIVE;
				GCC_WARN_UNUSED_FUNCTION = YES;
				GCC_WARN_UNUSED_VARIABLE = YES;
				IPHONEOS_DEPLOYMENT_TARGET = 13.2;
				MTL_ENABLE_DEBUG_INFO = INCLUDE_SOURCE;
				MTL_FAST_MATH = YES;
				ONLY_ACTIVE_ARCH = YES;
				SDKROOT = iphoneos;
				SWIFT_ACTIVE_COMPILATION_CONDITIONS = DEBUG;
				SWIFT_OPTIMIZATION_LEVEL = "-Onone";
			};
			name = Debug;
		};
		D265BB6C23FD8B3D00204C97 /* Release */ = {
			isa = XCBuildConfiguration;
			buildSettings = {
				ALWAYS_SEARCH_USER_PATHS = NO;
				CLANG_ANALYZER_NONNULL = YES;
				CLANG_ANALYZER_NUMBER_OBJECT_CONVERSION = YES_AGGRESSIVE;
				CLANG_CXX_LANGUAGE_STANDARD = "gnu++14";
				CLANG_CXX_LIBRARY = "libc++";
				CLANG_ENABLE_MODULES = YES;
				CLANG_ENABLE_OBJC_ARC = YES;
				CLANG_ENABLE_OBJC_WEAK = YES;
				CLANG_WARN_BLOCK_CAPTURE_AUTORELEASING = YES;
				CLANG_WARN_BOOL_CONVERSION = YES;
				CLANG_WARN_COMMA = YES;
				CLANG_WARN_CONSTANT_CONVERSION = YES;
				CLANG_WARN_DEPRECATED_OBJC_IMPLEMENTATIONS = YES;
				CLANG_WARN_DIRECT_OBJC_ISA_USAGE = YES_ERROR;
				CLANG_WARN_DOCUMENTATION_COMMENTS = YES;
				CLANG_WARN_EMPTY_BODY = YES;
				CLANG_WARN_ENUM_CONVERSION = YES;
				CLANG_WARN_INFINITE_RECURSION = YES;
				CLANG_WARN_INT_CONVERSION = YES;
				CLANG_WARN_NON_LITERAL_NULL_CONVERSION = YES;
				CLANG_WARN_OBJC_IMPLICIT_RETAIN_SELF = YES;
				CLANG_WARN_OBJC_LITERAL_CONVERSION = YES;
				CLANG_WARN_OBJC_ROOT_CLASS = YES_ERROR;
				CLANG_WARN_RANGE_LOOP_ANALYSIS = YES;
				CLANG_WARN_STRICT_PROTOTYPES = YES;
				CLANG_WARN_SUSPICIOUS_MOVE = YES;
				CLANG_WARN_UNGUARDED_AVAILABILITY = YES_AGGRESSIVE;
				CLANG_WARN_UNREACHABLE_CODE = YES;
				CLANG_WARN__DUPLICATE_METHOD_MATCH = YES;
				COPY_PHASE_STRIP = NO;
				DEBUG_INFORMATION_FORMAT = "dwarf-with-dsym";
				ENABLE_NS_ASSERTIONS = NO;
				ENABLE_STRICT_OBJC_MSGSEND = YES;
				GCC_C_LANGUAGE_STANDARD = gnu11;
				GCC_NO_COMMON_BLOCKS = YES;
				GCC_WARN_64_TO_32_BIT_CONVERSION = YES;
				GCC_WARN_ABOUT_RETURN_TYPE = YES_ERROR;
				GCC_WARN_UNDECLARED_SELECTOR = YES;
				GCC_WARN_UNINITIALIZED_AUTOS = YES_AGGRESSIVE;
				GCC_WARN_UNUSED_FUNCTION = YES;
				GCC_WARN_UNUSED_VARIABLE = YES;
				IPHONEOS_DEPLOYMENT_TARGET = 13.2;
				MTL_ENABLE_DEBUG_INFO = NO;
				MTL_FAST_MATH = YES;
				SDKROOT = iphoneos;
				SWIFT_COMPILATION_MODE = wholemodule;
				SWIFT_OPTIMIZATION_LEVEL = "-O";
				VALIDATE_PRODUCT = YES;
			};
			name = Release;
		};
		D265BB6E23FD8B3D00204C97 /* Debug */ = {
			isa = XCBuildConfiguration;
			buildSettings = {
				ASSETCATALOG_COMPILER_APPICON_NAME = AppIcon;
				CODE_SIGN_STYLE = Automatic;
				DEVELOPMENT_ASSET_PATHS = "\"AccessFrameworkProject/Preview Content\"";
				DEVELOPMENT_TEAM = 24WQ42K2V6;
				ENABLE_PREVIEWS = YES;
				FRAMEWORK_SEARCH_PATHS = (
					"$(inherited)",
					"$(PROJECT_DIR)",
				);
				INFOPLIST_FILE = AccessFrameworkProject/Info.plist;
				LD_RUNPATH_SEARCH_PATHS = (
					"$(inherited)",
					"@executable_path/Frameworks",
				);
				PRODUCT_BUNDLE_IDENTIFIER = me.AccessFrameworkProject;
				PRODUCT_NAME = "$(TARGET_NAME)";
				SWIFT_VERSION = 5.0;
				TARGETED_DEVICE_FAMILY = "1,2";
			};
			name = Debug;
		};
		D265BB6F23FD8B3D00204C97 /* Release */ = {
			isa = XCBuildConfiguration;
			buildSettings = {
				ASSETCATALOG_COMPILER_APPICON_NAME = AppIcon;
				CODE_SIGN_STYLE = Automatic;
				DEVELOPMENT_ASSET_PATHS = "\"AccessFrameworkProject/Preview Content\"";
				DEVELOPMENT_TEAM = 24WQ42K2V6;
				ENABLE_PREVIEWS = YES;
				FRAMEWORK_SEARCH_PATHS = (
					"$(inherited)",
					"$(PROJECT_DIR)",
				);
				INFOPLIST_FILE = AccessFrameworkProject/Info.plist;
				LD_RUNPATH_SEARCH_PATHS = (
					"$(inherited)",
					"@executable_path/Frameworks",
				);
				PRODUCT_BUNDLE_IDENTIFIER = me.AccessFrameworkProject;
				PRODUCT_NAME = "$(TARGET_NAME)";
				SWIFT_VERSION = 5.0;
				TARGETED_DEVICE_FAMILY = "1,2";
			};
			name = Release;
		};
/* End XCBuildConfiguration section */

/* Begin XCConfigurationList section */
		D265BB5423FD8B3A00204C97 /* Build configuration list for PBXProject "AccessFrameworkProject" */ = {
			isa = XCConfigurationList;
			buildConfigurations = (
				D265BB6B23FD8B3D00204C97 /* Debug */,
				D265BB6C23FD8B3D00204C97 /* Release */,
			);
			defaultConfigurationIsVisible = 0;
			defaultConfigurationName = Release;
		};
		D265BB6D23FD8B3D00204C97 /* Build configuration list for PBXNativeTarget "AccessFrameworkProject" */ = {
			isa = XCConfigurationList;
			buildConfigurations = (
				D265BB6E23FD8B3D00204C97 /* Debug */,
				D265BB6F23FD8B3D00204C97 /* Release */,
			);
			defaultConfigurationIsVisible = 0;
			defaultConfigurationName = Release;
		};
/* End XCConfigurationList section */
	};
	rootObject = D265BB5123FD8B3A00204C97 /* Project object */;
}
